
Microsoft Visual Studio Solution File, Format Version 12.00
# Visual Studio Version 17
VisualStudioVersion = 17.14.36121.58
MinimumVisualStudioVersion = 10.0.40219.1
Project("{FAE04EC0-301F-11D3-BF4B-00C04F79EFBC}") = "Greeting", "Greeting\Greeting.csproj", "{88DD1CD2-32E5-42A7-8FEE-949EA6FCC20A}"
EndProject
Project("{2150E333-8FDC-42A3-9474-1A3956D46DE8}") = "M001_Vorstellung", "M001_Vorstellung", "{02EA681E-C7D8-13C7-8484-4AC65E1B71E8}"
	ProjectSection(SolutionItems) = preProject
		README.md = README.md
	EndProjectSection
EndProject
Project("{FAE04EC0-301F-11D3-BF4B-00C04F79EFBC}") = "WeatherForecastApi", "WeatherForecastApi\WeatherForecastApi.csproj", "{0CA096FB-5365-4489-AD80-D750DBAC3B5D}"
EndProject
Project("{2150E333-8FDC-42A3-9474-1A3956D46DE8}") = "M002_Konfiguration", "M002_Konfiguration", "{6E0EE151-0A4A-48D1-834F-ADF072DC40CF}"
EndProject
Project("{FAE04EC0-301F-11D3-BF4B-00C04F79EFBC}") = "HelloDependencyInjection", "HelloDependencyInjection\HelloDependencyInjection.csproj", "{C0A2BB31-6A08-42CB-9AE3-A8875494FDF1}"
EndProject
Project("{FAE04EC0-301F-11D3-BF4B-00C04F79EFBC}") = "LabDependencyInjection", "LabDependencyInjection\LabDependencyInjection.csproj", "{9282C1B6-5310-B88A-2BB2-C99832B1C352}"
EndProject
Project("{2150E333-8FDC-42A3-9474-1A3956D46DE8}") = "Shared", "Shared", "{2DB77500-6529-4E15-9E9D-EDC366C1513F}"
EndProject
Project("{FAE04EC0-301F-11D3-BF4B-00C04F79EFBC}") = "BusinessLogic", "BusinessLogic\BusinessLogic.csproj", "{CAF904AB-CF13-4FE3-90FD-565C4F150C6B}"
EndProject
Project("{2150E333-8FDC-42A3-9474-1A3956D46DE8}") = "M003_Controllers", "M003_Controllers", "{45F3B9D6-AD31-4960-A106-6CC463FF4203}"
EndProject
Project("{FAE04EC0-301F-11D3-BF4B-00C04F79EFBC}") = "RecipeApi", "RecipeApi\RecipeApi.csproj", "{26C961B4-86F1-4FC2-96C3-D0BBED21888E}"
EndProject
Project("{FAE04EC0-301F-11D3-BF4B-00C04F79EFBC}") = "LabMovieStore", "LabMovieStore\LabMovieStore.csproj", "{B16D0E78-235E-47E7-929D-C51053377955}"
EndProject
Project("{FAE04EC0-301F-11D3-BF4B-00C04F79EFBC}") = "LabMovieApi", "LabMovieApi\LabMovieApi.csproj", "{B8985BA2-8610-B18A-42AB-3325B732AE87}"
EndProject
Project("{2150E333-8FDC-42A3-9474-1A3956D46DE8}") = "M005_EF-Core", "M005_EF-Core", "{150586ED-76D5-4923-BF55-117BE2A1D4DA}"
EndProject
Project("{2150E333-8FDC-42A3-9474-1A3956D46DE8}") = "M004_Middleware", "M004_Middleware", "{E2D532E3-6928-4CCA-9E28-640669515802}"
EndProject
Project("{FAE04EC0-301F-11D3-BF4B-00C04F79EFBC}") = "RecipeDbApi", "RecipeDbApi\RecipeDbApi.csproj", "{A379F424-37BB-47E0-B955-60FCD97AEDFF}"
EndProject
Project("{FAE04EC0-301F-11D3-BF4B-00C04F79EFBC}") = "FileServer", "FileServer\FileServer.csproj", "{01CFD10E-8FB0-576D-9362-34E06AFFCBFF}"
EndProject
Project("{2150E333-8FDC-42A3-9474-1A3956D46DE8}") = "M009_OData", "M009_OData", "{9B1494ED-2806-4076-A7A4-27C961993D92}"
EndProject
Project("{FAE04EC0-301F-11D3-BF4B-00C04F79EFBC}") = "NorthwindAccess", "NorthwindAccess\NorthwindAccess.csproj", "{EEDA7BD4-526B-25C0-D628-08F969C1C011}"
EndProject
Project("{FAE04EC0-301F-11D3-BF4B-00C04F79EFBC}") = "NorthwindODataApi", "NorthwindODataApi\NorthwindODataApi.csproj", "{C6758FDF-8FE2-D8B1-D772-E2AB572927C5}"
EndProject
Project("{FAE04EC0-301F-11D3-BF4B-00C04F79EFBC}") = "HelloOpenTelemetry", "HelloOpenTelemetry\HelloOpenTelemetry.csproj", "{EBBCD949-9201-94AC-7949-7482D3507F59}"
EndProject
Global
	GlobalSection(SolutionConfigurationPlatforms) = preSolution
		Debug|Any CPU = Debug|Any CPU
		Release|Any CPU = Release|Any CPU
	EndGlobalSection
	GlobalSection(ProjectConfigurationPlatforms) = postSolution
		{88DD1CD2-32E5-42A7-8FEE-949EA6FCC20A}.Debug|Any CPU.ActiveCfg = Debug|Any CPU
		{88DD1CD2-32E5-42A7-8FEE-949EA6FCC20A}.Debug|Any CPU.Build.0 = Debug|Any CPU
		{88DD1CD2-32E5-42A7-8FEE-949EA6FCC20A}.Release|Any CPU.ActiveCfg = Release|Any CPU
		{88DD1CD2-32E5-42A7-8FEE-949EA6FCC20A}.Release|Any CPU.Build.0 = Release|Any CPU
		{0CA096FB-5365-4489-AD80-D750DBAC3B5D}.Debug|Any CPU.ActiveCfg = Debug|Any CPU
		{0CA096FB-5365-4489-AD80-D750DBAC3B5D}.Debug|Any CPU.Build.0 = Debug|Any CPU
		{0CA096FB-5365-4489-AD80-D750DBAC3B5D}.Release|Any CPU.ActiveCfg = Release|Any CPU
		{0CA096FB-5365-4489-AD80-D750DBAC3B5D}.Release|Any CPU.Build.0 = Release|Any CPU
		{C0A2BB31-6A08-42CB-9AE3-A8875494FDF1}.Debug|Any CPU.ActiveCfg = Debug|Any CPU
		{C0A2BB31-6A08-42CB-9AE3-A8875494FDF1}.Debug|Any CPU.Build.0 = Debug|Any CPU
		{C0A2BB31-6A08-42CB-9AE3-A8875494FDF1}.Release|Any CPU.ActiveCfg = Release|Any CPU
		{C0A2BB31-6A08-42CB-9AE3-A8875494FDF1}.Release|Any CPU.Build.0 = Release|Any CPU
		{9282C1B6-5310-B88A-2BB2-C99832B1C352}.Debug|Any CPU.ActiveCfg = Debug|Any CPU
		{9282C1B6-5310-B88A-2BB2-C99832B1C352}.Debug|Any CPU.Build.0 = Debug|Any CPU
		{9282C1B6-5310-B88A-2BB2-C99832B1C352}.Release|Any CPU.ActiveCfg = Release|Any CPU
		{9282C1B6-5310-B88A-2BB2-C99832B1C352}.Release|Any CPU.Build.0 = Release|Any CPU
		{CAF904AB-CF13-4FE3-90FD-565C4F150C6B}.Debug|Any CPU.ActiveCfg = Debug|Any CPU
		{CAF904AB-CF13-4FE3-90FD-565C4F150C6B}.Debug|Any CPU.Build.0 = Debug|Any CPU
		{CAF904AB-CF13-4FE3-90FD-565C4F150C6B}.Release|Any CPU.ActiveCfg = Release|Any CPU
		{CAF904AB-CF13-4FE3-90FD-565C4F150C6B}.Release|Any CPU.Build.0 = Release|Any CPU
		{26C961B4-86F1-4FC2-96C3-D0BBED21888E}.Debug|Any CPU.ActiveCfg = Debug|Any CPU
		{26C961B4-86F1-4FC2-96C3-D0BBED21888E}.Debug|Any CPU.Build.0 = Debug|Any CPU
		{26C961B4-86F1-4FC2-96C3-D0BBED21888E}.Release|Any CPU.ActiveCfg = Release|Any CPU
		{26C961B4-86F1-4FC2-96C3-D0BBED21888E}.Release|Any CPU.Build.0 = Release|Any CPU
		{B16D0E78-235E-47E7-929D-C51053377955}.Debug|Any CPU.ActiveCfg = Debug|Any CPU
		{B16D0E78-235E-47E7-929D-C51053377955}.Debug|Any CPU.Build.0 = Debug|Any CPU
		{B16D0E78-235E-47E7-929D-C51053377955}.Release|Any CPU.ActiveCfg = Release|Any CPU
		{B16D0E78-235E-47E7-929D-C51053377955}.Release|Any CPU.Build.0 = Release|Any CPU
		{B8985BA2-8610-B18A-42AB-3325B732AE87}.Debug|Any CPU.ActiveCfg = Debug|Any CPU
		{B8985BA2-8610-B18A-42AB-3325B732AE87}.Debug|Any CPU.Build.0 = Debug|Any CPU
		{B8985BA2-8610-B18A-42AB-3325B732AE87}.Release|Any CPU.ActiveCfg = Release|Any CPU
		{B8985BA2-8610-B18A-42AB-3325B732AE87}.Release|Any CPU.Build.0 = Release|Any CPU
		{A379F424-37BB-47E0-B955-60FCD97AEDFF}.Debug|Any CPU.ActiveCfg = Debug|Any CPU
		{A379F424-37BB-47E0-B955-60FCD97AEDFF}.Debug|Any CPU.Build.0 = Debug|Any CPU
		{A379F424-37BB-47E0-B955-60FCD97AEDFF}.Release|Any CPU.ActiveCfg = Release|Any CPU
		{A379F424-37BB-47E0-B955-60FCD97AEDFF}.Release|Any CPU.Build.0 = Release|Any CPU
		{01CFD10E-8FB0-576D-9362-34E06AFFCBFF}.Debug|Any CPU.ActiveCfg = Debug|Any CPU
		{01CFD10E-8FB0-576D-9362-34E06AFFCBFF}.Debug|Any CPU.Build.0 = Debug|Any CPU
		{01CFD10E-8FB0-576D-9362-34E06AFFCBFF}.Release|Any CPU.ActiveCfg = Release|Any CPU
		{01CFD10E-8FB0-576D-9362-34E06AFFCBFF}.Release|Any CPU.Build.0 = Release|Any CPU
		{EEDA7BD4-526B-25C0-D628-08F969C1C011}.Debug|Any CPU.ActiveCfg = Debug|Any CPU
		{EEDA7BD4-526B-25C0-D628-08F969C1C011}.Debug|Any CPU.Build.0 = Debug|Any CPU
		{EEDA7BD4-526B-25C0-D628-08F969C1C011}.Release|Any CPU.ActiveCfg = Release|Any CPU
		{EEDA7BD4-526B-25C0-D628-08F969C1C011}.Release|Any CPU.Build.0 = Release|Any CPU
		{C6758FDF-8FE2-D8B1-D772-E2AB572927C5}.Debug|Any CPU.ActiveCfg = Debug|Any CPU
		{C6758FDF-8FE2-D8B1-D772-E2AB572927C5}.Debug|Any CPU.Build.0 = Debug|Any CPU
		{C6758FDF-8FE2-D8B1-D772-E2AB572927C5}.Release|Any CPU.ActiveCfg = Release|Any CPU
		{C6758FDF-8FE2-D8B1-D772-E2AB572927C5}.Release|Any CPU.Build.0 = Release|Any CPU
		{EBBCD949-9201-94AC-7949-7482D3507F59}.Debug|Any CPU.ActiveCfg = Debug|Any CPU
		{EBBCD949-9201-94AC-7949-7482D3507F59}.Debug|Any CPU.Build.0 = Debug|Any CPU
		{EBBCD949-9201-94AC-7949-7482D3507F59}.Release|Any CPU.ActiveCfg = Release|Any CPU
		{EBBCD949-9201-94AC-7949-7482D3507F59}.Release|Any CPU.Build.0 = Release|Any CPU
	EndGlobalSection
	GlobalSection(SolutionProperties) = preSolution
		HideSolutionNode = FALSE
	EndGlobalSection
	GlobalSection(NestedProjects) = preSolution
		{88DD1CD2-32E5-42A7-8FEE-949EA6FCC20A} = {02EA681E-C7D8-13C7-8484-4AC65E1B71E8}
		{0CA096FB-5365-4489-AD80-D750DBAC3B5D} = {02EA681E-C7D8-13C7-8484-4AC65E1B71E8}
		{C0A2BB31-6A08-42CB-9AE3-A8875494FDF1} = {6E0EE151-0A4A-48D1-834F-ADF072DC40CF}
		{9282C1B6-5310-B88A-2BB2-C99832B1C352} = {6E0EE151-0A4A-48D1-834F-ADF072DC40CF}
		{CAF904AB-CF13-4FE3-90FD-565C4F150C6B} = {2DB77500-6529-4E15-9E9D-EDC366C1513F}
		{26C961B4-86F1-4FC2-96C3-D0BBED21888E} = {45F3B9D6-AD31-4960-A106-6CC463FF4203}
		{B16D0E78-235E-47E7-929D-C51053377955} = {2DB77500-6529-4E15-9E9D-EDC366C1513F}
		{B8985BA2-8610-B18A-42AB-3325B732AE87} = {45F3B9D6-AD31-4960-A106-6CC463FF4203}
		{A379F424-37BB-47E0-B955-60FCD97AEDFF} = {150586ED-76D5-4923-BF55-117BE2A1D4DA}
		{01CFD10E-8FB0-576D-9362-34E06AFFCBFF} = {E2D532E3-6928-4CCA-9E28-640669515802}
		{EEDA7BD4-526B-25C0-D628-08F969C1C011} = {9B1494ED-2806-4076-A7A4-27C961993D92}
		{C6758FDF-8FE2-D8B1-D772-E2AB572927C5} = {9B1494ED-2806-4076-A7A4-27C961993D92}
		{EBBCD949-9201-94AC-7949-7482D3507F59} = {6E0EE151-0A4A-48D1-834F-ADF072DC40CF}
	EndGlobalSection
	GlobalSection(ExtensibilityGlobals) = postSolution
		SolutionGuid = {4B30CC79-2AB1-410B-BF3F-31B27BF8000C}
	EndGlobalSection
EndGlobal
